{
  "name": "5_web_components",
  "version": "1.0.0",
  "lockfileVersion": 1,
  "requires": true,
  "dependencies": {
    "@lit-labs/ssr-dom-shim": {
      "version": "1.1.2",
      "resolved": "https://registry.npmjs.org/@lit-labs/ssr-dom-shim/-/ssr-dom-shim-1.1.2.tgz",
      "integrity": "sha512-jnOD+/+dSrfTWYfSXBXlo5l5f0q1UuJo3tkbMDCYA2lKUYq79jaxqtGEvnRoh049nt1vdo1+45RinipU6FGY2g=="
    },
    "@lit/reactive-element": {
      "version": "2.0.1",
      "resolved": "https://registry.npmjs.org/@lit/reactive-element/-/reactive-element-2.0.1.tgz",
      "integrity": "sha512-eu50SQXHRthFwWJMp0oAFg95Rvm6MTPjxSXWuvAu7It90WVFLFpNBoIno7XOXSDvVgTrtKnUV4OLJqys2Svn4g==",
      "requires": {
        "@lit-labs/ssr-dom-shim": "^1.1.2"
      }
    },
    "@types/trusted-types": {
      "version": "2.0.5",
      "resolved": "https://registry.npmjs.org/@types/trusted-types/-/trusted-types-2.0.5.tgz",
      "integrity": "sha512-I3pkr8j/6tmQtKV/ZzHtuaqYSQvyjGRKH4go60Rr0IDLlFxuRT5V32uvB1mecM5G1EVAUyF/4r4QZ1GHgz+mxA=="
    },
    "lit": {
      "version": "3.0.2",
      "resolved": "https://registry.npmjs.org/lit/-/lit-3.0.2.tgz",
      "integrity": "sha512-ZoVUPGgXOQocP4OvxehEOBmC4rWB4cRYDPaz7aFmH8DFytsCi/NeACbr4C6vNPGDEC07BrhUos7uVNayDKLQ2Q==",
      "requires": {
        "@lit/reactive-element": "^2.0.0",
        "lit-element": "^4.0.0",
        "lit-html": "^3.0.0"
      }
    },
    "lit-element": {
      "version": "4.0.1",
      "resolved": "https://registry.npmjs.org/lit-element/-/lit-element-4.0.1.tgz",
      "integrity": "sha512-OxRMJem4HKZt0320HplLkBPoi4KHiEHoPHKd8Lzf07ZQVAOKIjZ32yPLRKRDEolFU1RgrQBfSHQMoxKZ72V3Kw==",
      "requires": {
        "@lit-labs/ssr-dom-shim": "^1.1.2",
        "@lit/reactive-element": "^2.0.0",
        "lit-html": "^3.0.0"
      }
    },
    "lit-html": {
      "version": "3.0.2",
      "resolved": "https://registry.npmjs.org/lit-html/-/lit-html-3.0.2.tgz",
      "integrity": "sha512-Q1A5lHza3bnmxoWJn6yS6vQZQdExl4fghk8W1G+jnAEdoFNYo5oeBBb/Ol7zSEdKd3TR7+r0zsJQyuWEVguiyQ==",
      "requires": {
        "@types/trusted-types": "^2.0.2"
      }
    }
  }
}
